
Microsoft Visual Studio Solution File, Format Version 12.00
# Visual Studio Version 16
VisualStudioVersion = 16.0.31702.278
MinimumVisualStudioVersion = 10.0.40219.1
Project("{8BC9CEB8-8B4A-11D0-8D11-00A0C91BC942}") = "211-353_ShturovRS", "211-353_ShturovRS\211-353_ShturovRS.vcxproj", "{2BC31856-FE8B-4BF9-85BA-10CD9B76A424}"
EndProject
Project("{8BC9CEB8-8B4A-11D0-8D11-00A0C91BC942}") = "Lab3", "Lab3\Lab3.vcxproj", "{A89D769A-2A6E-4E16-85FA-F47194F4ADFC}"
EndProject
Project("{8BC9CEB8-8B4A-11D0-8D11-00A0C91BC942}") = "Lab4.1", "Lab4.1\Lab4.1.vcxproj", "{111F8B65-2820-4C64-BB3D-B1D6AFD6FCD8}"
EndProject
Project("{8BC9CEB8-8B4A-11D0-8D11-00A0C91BC942}") = "Lab4.2_str_file", "Lab4.2_str_file\Lab4.2_str_file.vcxproj", "{57EF65BF-CBDB-45C5-BB4C-5C01938AF031}"
EndProject
Project("{8BC9CEB8-8B4A-11D0-8D11-00A0C91BC942}") = "LabRab5.1_Shturov_211_353", "LabRab5.1_Shturov_211_353\LabRab5.1_Shturov_211_353.vcxproj", "{0345FA50-A15B-4A9B-9E66-F51F10AFBB1E}"
EndProject
Project("{8BC9CEB8-8B4A-11D0-8D11-00A0C91BC942}") = "Labs", "Shturov_Roman_211_353_lab2\Labs.vcxproj", "{8F6E6AC4-5C3D-40A7-AA51-3E0FDA07699C}"
EndProject
Project("{8BC9CEB8-8B4A-11D0-8D11-00A0C91BC942}") = "Shturov_Roman_211_353_lab32", "Shturov_Roman_211_353_lab32\Shturov_Roman_211_353_lab32.vcxproj", "{A28BBBE0-BEB6-4A15-9F4C-55072F09B8AD}"
EndProject
Global
	GlobalSection(SolutionConfigurationPlatforms) = preSolution
		Debug|x64 = Debug|x64
		Debug|x86 = Debug|x86
		Release|x64 = Release|x64
		Release|x86 = Release|x86
	EndGlobalSection
	GlobalSection(ProjectConfigurationPlatforms) = postSolution
		{2BC31856-FE8B-4BF9-85BA-10CD9B76A424}.Debug|x64.ActiveCfg = Debug|x64
		{2BC31856-FE8B-4BF9-85BA-10CD9B76A424}.Debug|x64.Build.0 = Debug|x64
		{2BC31856-FE8B-4BF9-85BA-10CD9B76A424}.Debug|x86.ActiveCfg = Debug|Win32
		{2BC31856-FE8B-4BF9-85BA-10CD9B76A424}.Debug|x86.Build.0 = Debug|Win32
		{2BC31856-FE8B-4BF9-85BA-10CD9B76A424}.Release|x64.ActiveCfg = Release|x64
		{2BC31856-FE8B-4BF9-85BA-10CD9B76A424}.Release|x64.Build.0 = Release|x64
		{2BC31856-FE8B-4BF9-85BA-10CD9B76A424}.Release|x86.ActiveCfg = Release|Win32
		{2BC31856-FE8B-4BF9-85BA-10CD9B76A424}.Release|x86.Build.0 = Release|Win32
		{A89D769A-2A6E-4E16-85FA-F47194F4ADFC}.Debug|x64.ActiveCfg = Debug|x64
		{A89D769A-2A6E-4E16-85FA-F47194F4ADFC}.Debug|x64.Build.0 = Debug|x64
		{A89D769A-2A6E-4E16-85FA-F47194F4ADFC}.Debug|x86.ActiveCfg = Debug|Win32
		{A89D769A-2A6E-4E16-85FA-F47194F4ADFC}.Debug|x86.Build.0 = Debug|Win32
		{A89D769A-2A6E-4E16-85FA-F47194F4ADFC}.Release|x64.ActiveCfg = Release|x64
		{A89D769A-2A6E-4E16-85FA-F47194F4ADFC}.Release|x64.Build.0 = Release|x64
		{A89D769A-2A6E-4E16-85FA-F47194F4ADFC}.Release|x86.ActiveCfg = Release|Win32
		{A89D769A-2A6E-4E16-85FA-F47194F4ADFC}.Release|x86.Build.0 = Release|Win32
		{111F8B65-2820-4C64-BB3D-B1D6AFD6FCD8}.Debug|x64.ActiveCfg = Debug|x64
		{111F8B65-2820-4C64-BB3D-B1D6AFD6FCD8}.Debug|x64.Build.0 = Debug|x64
		{111F8B65-2820-4C64-BB3D-B1D6AFD6FCD8}.Debug|x86.ActiveCfg = Debug|Win32
		{111F8B65-2820-4C64-BB3D-B1D6AFD6FCD8}.Debug|x86.Build.0 = Debug|Win32
		{111F8B65-2820-4C64-BB3D-B1D6AFD6FCD8}.Release|x64.ActiveCfg = Release|x64
		{111F8B65-2820-4C64-BB3D-B1D6AFD6FCD8}.Release|x64.Build.0 = Release|x64
		{111F8B65-2820-4C64-BB3D-B1D6AFD6FCD8}.Release|x86.ActiveCfg = Release|Win32
		{111F8B65-2820-4C64-BB3D-B1D6AFD6FCD8}.Release|x86.Build.0 = Release|Win32
		{57EF65BF-CBDB-45C5-BB4C-5C01938AF031}.Debug|x64.ActiveCfg = Debug|x64
		{57EF65BF-CBDB-45C5-BB4C-5C01938AF031}.Debug|x64.Build.0 = Debug|x64
		{57EF65BF-CBDB-45C5-BB4C-5C01938AF031}.Debug|x86.ActiveCfg = Debug|Win32
		{57EF65BF-CBDB-45C5-BB4C-5C01938AF031}.Debug|x86.Build.0 = Debug|Win32
		{57EF65BF-CBDB-45C5-BB4C-5C01938AF031}.Release|x64.ActiveCfg = Release|x64
		{57EF65BF-CBDB-45C5-BB4C-5C01938AF031}.Release|x64.Build.0 = Release|x64
		{57EF65BF-CBDB-45C5-BB4C-5C01938AF031}.Release|x86.ActiveCfg = Release|Win32
		{57EF65BF-CBDB-45C5-BB4C-5C01938AF031}.Release|x86.Build.0 = Release|Win32
		{0345FA50-A15B-4A9B-9E66-F51F10AFBB1E}.Debug|x64.ActiveCfg = Debug|x64
		{0345FA50-A15B-4A9B-9E66-F51F10AFBB1E}.Debug|x64.Build.0 = Debug|x64
		{0345FA50-A15B-4A9B-9E66-F51F10AFBB1E}.Debug|x86.ActiveCfg = Debug|Win32
		{0345FA50-A15B-4A9B-9E66-F51F10AFBB1E}.Debug|x86.Build.0 = Debug|Win32
		{0345FA50-A15B-4A9B-9E66-F51F10AFBB1E}.Release|x64.ActiveCfg = Release|x64
		{0345FA50-A15B-4A9B-9E66-F51F10AFBB1E}.Release|x64.Build.0 = Release|x64
		{0345FA50-A15B-4A9B-9E66-F51F10AFBB1E}.Release|x86.ActiveCfg = Release|Win32
		{0345FA50-A15B-4A9B-9E66-F51F10AFBB1E}.Release|x86.Build.0 = Release|Win32
		{8F6E6AC4-5C3D-40A7-AA51-3E0FDA07699C}.Debug|x64.ActiveCfg = Debug|x64
		{8F6E6AC4-5C3D-40A7-AA51-3E0FDA07699C}.Debug|x64.Build.0 = Debug|x64
		{8F6E6AC4-5C3D-40A7-AA51-3E0FDA07699C}.Debug|x86.ActiveCfg = Debug|Win32
		{8F6E6AC4-5C3D-40A7-AA51-3E0FDA07699C}.Debug|x86.Build.0 = Debug|Win32
		{8F6E6AC4-5C3D-40A7-AA51-3E0FDA07699C}.Release|x64.ActiveCfg = Release|x64
		{8F6E6AC4-5C3D-40A7-AA51-3E0FDA07699C}.Release|x64.Build.0 = Release|x64
		{8F6E6AC4-5C3D-40A7-AA51-3E0FDA07699C}.Release|x86.ActiveCfg = Release|Win32
		{8F6E6AC4-5C3D-40A7-AA51-3E0FDA07699C}.Release|x86.Build.0 = Release|Win32
		{A28BBBE0-BEB6-4A15-9F4C-55072F09B8AD}.Debug|x64.ActiveCfg = Debug|x64
		{A28BBBE0-BEB6-4A15-9F4C-55072F09B8AD}.Debug|x64.Build.0 = Debug|x64
		{A28BBBE0-BEB6-4A15-9F4C-55072F09B8AD}.Debug|x86.ActiveCfg = Debug|Win32
		{A28BBBE0-BEB6-4A15-9F4C-55072F09B8AD}.Debug|x86.Build.0 = Debug|Win32
		{A28BBBE0-BEB6-4A15-9F4C-55072F09B8AD}.Release|x64.ActiveCfg = Release|x64
		{A28BBBE0-BEB6-4A15-9F4C-55072F09B8AD}.Release|x64.Build.0 = Release|x64
		{A28BBBE0-BEB6-4A15-9F4C-55072F09B8AD}.Release|x86.ActiveCfg = Release|Win32
		{A28BBBE0-BEB6-4A15-9F4C-55072F09B8AD}.Release|x86.Build.0 = Release|Win32
	EndGlobalSection
	GlobalSection(SolutionProperties) = preSolution
		HideSolutionNode = FALSE
	EndGlobalSection
	GlobalSection(ExtensibilityGlobals) = postSolution
		SolutionGuid = {0148D0CD-1B12-488E-8CE2-F9D66CC43C4A}
	EndGlobalSection
EndGlobal
